
Microsoft Visual Studio Solution File, Format Version 12.00
# Visual Studio Version 17
VisualStudioVersion = 17.5.33516.290
MinimumVisualStudioVersion = 10.0.40219.1
Project("{FAE04EC0-301F-11D3-BF4B-00C04F79EFBC}") = "ContactBook", "ContactBook\ContactBook.csproj", "{A8F427DC-49FC-4C99-9039-E778B36EF90A}"
EndProject
Global
	GlobalSection(SolutionConfigurationPlatforms) = preSolution
		Debug|Any CPU = Debug|Any CPU
		Release|Any CPU = Release|Any CPU
	EndGlobalSection
	GlobalSection(ProjectConfigurationPlatforms) = postSolution
		{A8F427DC-49FC-4C99-9039-E778B36EF90A}.Debug|Any CPU.ActiveCfg = Release|Any CPU
		{A8F427DC-49FC-4C99-9039-E778B36EF90A}.Debug|Any CPU.Build.0 = Release|Any CPU
		{A8F427DC-49FC-4C99-9039-E778B36EF90A}.Release|Any CPU.ActiveCfg = Release|Any CPU
		{A8F427DC-49FC-4C99-9039-E778B36EF90A}.Release|Any CPU.Build.0 = Release|Any CPU
	EndGlobalSection
	GlobalSection(SolutionProperties) = preSolution
		HideSolutionNode = FALSE
	EndGlobalSection
	GlobalSection(ExtensibilityGlobals) = postSolution
		SolutionGuid = {513AEA08-73AB-45F1-9619-2A1BE3FC1988}
	EndGlobalSection
EndGlobal
